
Microsoft Visual Studio Solution File, Format Version 12.00
# Visual Studio 15
VisualStudioVersion = 15.0.27703.2026
MinimumVisualStudioVersion = 10.0.40219.1
Project("{2150E333-8FDC-42A3-9474-1A3956D46DE8}") = "Solution Items", "Solution Items", "{39D26AC0-E371-47FC-B311-01F2B578740B}"
	ProjectSection(SolutionItems) = preProject
		..\..\..\..\..\..\MyApps\machine learning\docs\MachineLearning.docx = ..\..\..\..\..\..\MyApps\machine learning\docs\MachineLearning.docx
	EndProjectSection
EndProject
Project("{FAE04EC0-301F-11D3-BF4B-00C04F79EFBC}") = "MLTestConsole", "MLTestConsole\MLTestConsole.csproj", "{EC8335DE-1316-4DD9-BC4A-3386B1AF29B1}"
EndProject
Project("{FAE04EC0-301F-11D3-BF4B-00C04F79EFBC}") = "MLTestForm", "MLTestForm\MLTestForm.csproj", "{0DDF3E91-C54F-4174-93AB-F7CE317F3E0D}"
EndProject
Global
	GlobalSection(SolutionConfigurationPlatforms) = preSolution
		Debug|Any CPU = Debug|Any CPU
		Release|Any CPU = Release|Any CPU
	EndGlobalSection
	GlobalSection(ProjectConfigurationPlatforms) = postSolution
		{EC8335DE-1316-4DD9-BC4A-3386B1AF29B1}.Debug|Any CPU.ActiveCfg = Debug|Any CPU
		{EC8335DE-1316-4DD9-BC4A-3386B1AF29B1}.Debug|Any CPU.Build.0 = Debug|Any CPU
		{EC8335DE-1316-4DD9-BC4A-3386B1AF29B1}.Release|Any CPU.ActiveCfg = Release|Any CPU
		{EC8335DE-1316-4DD9-BC4A-3386B1AF29B1}.Release|Any CPU.Build.0 = Release|Any CPU
		{0DDF3E91-C54F-4174-93AB-F7CE317F3E0D}.Debug|Any CPU.ActiveCfg = Debug|Any CPU
		{0DDF3E91-C54F-4174-93AB-F7CE317F3E0D}.Debug|Any CPU.Build.0 = Debug|Any CPU
		{0DDF3E91-C54F-4174-93AB-F7CE317F3E0D}.Release|Any CPU.ActiveCfg = Release|Any CPU
		{0DDF3E91-C54F-4174-93AB-F7CE317F3E0D}.Release|Any CPU.Build.0 = Release|Any CPU
	EndGlobalSection
	GlobalSection(SolutionProperties) = preSolution
		HideSolutionNode = FALSE
	EndGlobalSection
	GlobalSection(ExtensibilityGlobals) = postSolution
		SolutionGuid = {92EF1F7B-D939-414E-B1FC-391EB8AF42FE}
	EndGlobalSection
EndGlobal
